
Microsoft Visual Studio Solution File, Format Version 12.00
# Visual Studio Version 17
VisualStudioVersion = 17.5.002.0
MinimumVisualStudioVersion = 10.0.40219.1
Project("{9A19103F-16F7-4668-BE54-9A1E7A4F7556}") = "api-ing-soft", "api-ing-soft.csproj", "{855A51DA-0790-437D-B7F8-10847F6EE971}"
EndProject
Global
	GlobalSection(SolutionConfigurationPlatforms) = preSolution
		Debug|Any CPU = Debug|Any CPU
		Release|Any CPU = Release|Any CPU
	EndGlobalSection
	GlobalSection(ProjectConfigurationPlatforms) = postSolution
		{855A51DA-0790-437D-B7F8-10847F6EE971}.Debug|Any CPU.ActiveCfg = Debug|Any CPU
		{855A51DA-0790-437D-B7F8-10847F6EE971}.Debug|Any CPU.Build.0 = Debug|Any CPU
		{855A51DA-0790-437D-B7F8-10847F6EE971}.Release|Any CPU.ActiveCfg = Release|Any CPU
		{855A51DA-0790-437D-B7F8-10847F6EE971}.Release|Any CPU.Build.0 = Release|Any CPU
	EndGlobalSection
	GlobalSection(SolutionProperties) = preSolution
		HideSolutionNode = FALSE
	EndGlobalSection
	GlobalSection(ExtensibilityGlobals) = postSolution
		SolutionGuid = {614D8C94-4F96-49DD-9E2F-26E3FC8DD1F8}
	EndGlobalSection
EndGlobal
